// !$*UTF8*$!
{
	archiveVersion = 1;
	classes = {
	};
	objectVersion = 56;
	objects = {

/* Begin PBXBuildFile section */
		AB50501F2A6AD8B30079C0B6 /* Slide_Menu.swift in Sources */ = {isa = PBXBuildFile; fileRef = AB50501E2A6AD8B30079C0B6 /* Slide_Menu.swift */; };
		AB5050212A6AF5620079C0B6 /* expandable_search.swift in Sources */ = {isa = PBXBuildFile; fileRef = AB5050202A6AF5620079C0B6 /* expandable_search.swift */; };
		AB5A542D2A6902A000169B2D /* Content_View.swift in Sources */ = {isa = PBXBuildFile; fileRef = AB5A542C2A6902A000169B2D /* Content_View.swift */; };
		AB5A542F2A698CA800169B2D /* Detail_View.swift in Sources */ = {isa = PBXBuildFile; fileRef = AB5A542E2A698CA800169B2D /* Detail_View.swift */; };
		AB5A54312A699E9900169B2D /* Tab_View.swift in Sources */ = {isa = PBXBuildFile; fileRef = AB5A54302A699E9900169B2D /* Tab_View.swift */; };
		AB5A543C2A6A3A1000169B2D /* Card_Views.swift in Sources */ = {isa = PBXBuildFile; fileRef = AB5A543B2A6A3A1000169B2D /* Card_Views.swift */; };
		AB5A54432A6A6BFD00169B2D /* JSON_Manager.swift in Sources */ = {isa = PBXBuildFile; fileRef = AB5A54422A6A6BFD00169B2D /* JSON_Manager.swift */; };
		ABA62C242A6E415100AC2760 /* map_view.swift in Sources */ = {isa = PBXBuildFile; fileRef = ABA62C232A6E415100AC2760 /* map_view.swift */; };
		ABA62C262A6E58C400AC2760 /* testScollview.swift in Sources */ = {isa = PBXBuildFile; fileRef = ABA62C252A6E58C400AC2760 /* testScollview.swift */; };
		ABA62C2C2A6FA1B300AC2760 /* Onboarding_Screen.swift in Sources */ = {isa = PBXBuildFile; fileRef = ABA62C2B2A6FA1B300AC2760 /* Onboarding_Screen.swift */; };
		ABA62C2E2A6FE4EC00AC2760 /* user.json in Sources */ = {isa = PBXBuildFile; fileRef = ABA62C2D2A6FE4EC00AC2760 /* user.json */; };
		ABA62C302A6FE80D00AC2760 /* Login_screen.swift in Sources */ = {isa = PBXBuildFile; fileRef = ABA62C2F2A6FE80D00AC2760 /* Login_screen.swift */; };
		ABF950062A6BC58000E9EC2C /* small_Card_View.swift in Sources */ = {isa = PBXBuildFile; fileRef = ABF950052A6BC58000E9EC2C /* small_Card_View.swift */; };
		ABF950082A6C33E900E9EC2C /* Author_View.swift in Sources */ = {isa = PBXBuildFile; fileRef = ABF950072A6C33E900E9EC2C /* Author_View.swift */; };
		ABF9500F2A6D448700E9EC2C /* database.json in Resources */ = {isa = PBXBuildFile; fileRef = ABF9500E2A6D448700E9EC2C /* database.json */; };
		ABF950112A6D4B0B00E9EC2C /* transition_animation.swift in Sources */ = {isa = PBXBuildFile; fileRef = ABF950102A6D4B0B00E9EC2C /* transition_animation.swift */; };
		E1358C292A666D4B0099EB5E /* Saigon_ConnectApp.swift in Sources */ = {isa = PBXBuildFile; fileRef = E1358C282A666D4B0099EB5E /* Saigon_ConnectApp.swift */; };
		E1358C2D2A666D4D0099EB5E /* Assets.xcassets in Resources */ = {isa = PBXBuildFile; fileRef = E1358C2C2A666D4D0099EB5E /* Assets.xcassets */; };
		E1358C302A666D4D0099EB5E /* Preview Assets.xcassets in Resources */ = {isa = PBXBuildFile; fileRef = E1358C2F2A666D4D0099EB5E /* Preview Assets.xcassets */; };
		E1358C372A666D750099EB5E /* Welcome_Screen.swift in Sources */ = {isa = PBXBuildFile; fileRef = E1358C362A666D750099EB5E /* Welcome_Screen.swift */; };
		E1358C392A669C700099EB5E /* Splash_screen_view.swift in Sources */ = {isa = PBXBuildFile; fileRef = E1358C382A669C700099EB5E /* Splash_screen_view.swift */; };
/* End PBXBuildFile section */

/* Begin PBXFileReference section */
		AB50501E2A6AD8B30079C0B6 /* Slide_Menu.swift */ = {isa = PBXFileReference; lastKnownFileType = sourcecode.swift; path = Slide_Menu.swift; sourceTree = "<group>"; };
		AB5050202A6AF5620079C0B6 /* expandable_search.swift */ = {isa = PBXFileReference; lastKnownFileType = sourcecode.swift; path = expandable_search.swift; sourceTree = "<group>"; };
		AB5A542C2A6902A000169B2D /* Content_View.swift */ = {isa = PBXFileReference; lastKnownFileType = sourcecode.swift; path = Content_View.swift; sourceTree = "<group>"; };
		AB5A542E2A698CA800169B2D /* Detail_View.swift */ = {isa = PBXFileReference; lastKnownFileType = sourcecode.swift; path = Detail_View.swift; sourceTree = "<group>"; };
		AB5A54302A699E9900169B2D /* Tab_View.swift */ = {isa = PBXFileReference; lastKnownFileType = sourcecode.swift; path = Tab_View.swift; sourceTree = "<group>"; };
		AB5A543B2A6A3A1000169B2D /* Card_Views.swift */ = {isa = PBXFileReference; lastKnownFileType = sourcecode.swift; path = Card_Views.swift; sourceTree = "<group>"; };
		AB5A54422A6A6BFD00169B2D /* JSON_Manager.swift */ = {isa = PBXFileReference; lastKnownFileType = sourcecode.swift; path = JSON_Manager.swift; sourceTree = "<group>"; };
		ABA62C232A6E415100AC2760 /* map_view.swift */ = {isa = PBXFileReference; lastKnownFileType = sourcecode.swift; path = map_view.swift; sourceTree = "<group>"; };
		ABA62C252A6E58C400AC2760 /* testScollview.swift */ = {isa = PBXFileReference; lastKnownFileType = sourcecode.swift; path = testScollview.swift; sourceTree = "<group>"; };
		ABA62C2B2A6FA1B300AC2760 /* Onboarding_Screen.swift */ = {isa = PBXFileReference; lastKnownFileType = sourcecode.swift; path = Onboarding_Screen.swift; sourceTree = "<group>"; };
		ABA62C2D2A6FE4EC00AC2760 /* user.json */ = {isa = PBXFileReference; lastKnownFileType = text.json; path = user.json; sourceTree = "<group>"; };
		ABA62C2F2A6FE80D00AC2760 /* Login_screen.swift */ = {isa = PBXFileReference; lastKnownFileType = sourcecode.swift; path = Login_screen.swift; sourceTree = "<group>"; };
		ABF950052A6BC58000E9EC2C /* small_Card_View.swift */ = {isa = PBXFileReference; lastKnownFileType = sourcecode.swift; path = small_Card_View.swift; sourceTree = "<group>"; };
		ABF950072A6C33E900E9EC2C /* Author_View.swift */ = {isa = PBXFileReference; lastKnownFileType = sourcecode.swift; path = Author_View.swift; sourceTree = "<group>"; };
		ABF9500E2A6D448700E9EC2C /* database.json */ = {isa = PBXFileReference; lastKnownFileType = text.json; path = database.json; sourceTree = "<group>"; };
		ABF950102A6D4B0B00E9EC2C /* transition_animation.swift */ = {isa = PBXFileReference; lastKnownFileType = sourcecode.swift; path = transition_animation.swift; sourceTree = "<group>"; };
		E1358C252A666D4B0099EB5E /* Saigon Connect.app */ = {isa = PBXFileReference; explicitFileType = wrapper.application; includeInIndex = 0; path = "Saigon Connect.app"; sourceTree = BUILT_PRODUCTS_DIR; };
		E1358C282A666D4B0099EB5E /* Saigon_ConnectApp.swift */ = {isa = PBXFileReference; lastKnownFileType = sourcecode.swift; path = Saigon_ConnectApp.swift; sourceTree = "<group>"; };
		E1358C2C2A666D4D0099EB5E /* Assets.xcassets */ = {isa = PBXFileReference; lastKnownFileType = folder.assetcatalog; path = Assets.xcassets; sourceTree = "<group>"; };
		E1358C2F2A666D4D0099EB5E /* Preview Assets.xcassets */ = {isa = PBXFileReference; lastKnownFileType = folder.assetcatalog; path = "Preview Assets.xcassets"; sourceTree = "<group>"; };
		E1358C362A666D750099EB5E /* Welcome_Screen.swift */ = {isa = PBXFileReference; lastKnownFileType = sourcecode.swift; path = Welcome_Screen.swift; sourceTree = "<group>"; };
		E1358C382A669C700099EB5E /* Splash_screen_view.swift */ = {isa = PBXFileReference; lastKnownFileType = sourcecode.swift; path = Splash_screen_view.swift; sourceTree = "<group>"; };
/* End PBXFileReference section */

/* Begin PBXFrameworksBuildPhase section */
		E1358C222A666D4B0099EB5E /* Frameworks */ = {
			isa = PBXFrameworksBuildPhase;
			buildActionMask = 2147483647;
			files = (
			);
			runOnlyForDeploymentPostprocessing = 0;
		};
/* End PBXFrameworksBuildPhase section */

/* Begin PBXGroup section */
		AB5A54342A69A5E400169B2D /* Components */ = {
			isa = PBXGroup;
			children = (
				AB5A54412A6A6BDF00169B2D /* Database */,
				AB5A54362A69A60F00169B2D /* Navigation */,
				AB5A54352A69A5FE00169B2D /* Screens */,
			);
			path = Components;
			sourceTree = "<group>";
		};
		AB5A54352A69A5FE00169B2D /* Screens */ = {
			isa = PBXGroup;
			children = (
				E1358C382A669C700099EB5E /* Splash_screen_view.swift */,
				E1358C362A666D750099EB5E /* Welcome_Screen.swift */,
				AB5A542C2A6902A000169B2D /* Content_View.swift */,
				AB5A542E2A698CA800169B2D /* Detail_View.swift */,
				AB5A543B2A6A3A1000169B2D /* Card_Views.swift */,
				AB50501E2A6AD8B30079C0B6 /* Slide_Menu.swift */,
				AB5050202A6AF5620079C0B6 /* expandable_search.swift */,
				ABF950052A6BC58000E9EC2C /* small_Card_View.swift */,
				ABF950072A6C33E900E9EC2C /* Author_View.swift */,
				ABF950102A6D4B0B00E9EC2C /* transition_animation.swift */,
				ABA62C232A6E415100AC2760 /* map_view.swift */,
				ABA62C252A6E58C400AC2760 /* testScollview.swift */,
				ABA62C2B2A6FA1B300AC2760 /* Onboarding_Screen.swift */,
				ABA62C2F2A6FE80D00AC2760 /* Login_screen.swift */,
			);
			path = Screens;
			sourceTree = "<group>";
		};
		AB5A54362A69A60F00169B2D /* Navigation */ = {
			isa = PBXGroup;
			children = (
				AB5A54302A699E9900169B2D /* Tab_View.swift */,
			);
			path = Navigation;
			sourceTree = "<group>";
		};
		AB5A54412A6A6BDF00169B2D /* Database */ = {
			isa = PBXGroup;
			children = (
				AB5A54422A6A6BFD00169B2D /* JSON_Manager.swift */,
				ABF9500E2A6D448700E9EC2C /* database.json */,
				ABA62C2D2A6FE4EC00AC2760 /* user.json */,
			);
			path = Database;
			sourceTree = "<group>";
		};
		E1358C1C2A666D4B0099EB5E = {
			isa = PBXGroup;
			children = (
				E1358C272A666D4B0099EB5E /* Saigon Connect */,
				E1358C262A666D4B0099EB5E /* Products */,
			);
			sourceTree = "<group>";
		};
		E1358C262A666D4B0099EB5E /* Products */ = {
			isa = PBXGroup;
			children = (
				E1358C252A666D4B0099EB5E /* Saigon Connect.app */,
			);
			name = Products;
			sourceTree = "<group>";
		};
		E1358C272A666D4B0099EB5E /* Saigon Connect */ = {
			isa = PBXGroup;
			children = (
				E1358C282A666D4B0099EB5E /* Saigon_ConnectApp.swift */,
				AB5A54342A69A5E400169B2D /* Components */,
				E1358C2C2A666D4D0099EB5E /* Assets.xcassets */,
				E1358C2E2A666D4D0099EB5E /* Preview Content */,
			);
			path = "Saigon Connect";
			sourceTree = "<group>";
		};
		E1358C2E2A666D4D0099EB5E /* Preview Content */ = {
			isa = PBXGroup;
			children = (
				E1358C2F2A666D4D0099EB5E /* Preview Assets.xcassets */,
			);
			path = "Preview Content";
			sourceTree = "<group>";
		};
/* End PBXGroup section */

/* Begin PBXNativeTarget section */
		E1358C242A666D4B0099EB5E /* Saigon Connect */ = {
			isa = PBXNativeTarget;
			buildConfigurationList = E1358C332A666D4D0099EB5E /* Build configuration list for PBXNativeTarget "Saigon Connect" */;
			buildPhases = (
				E1358C212A666D4B0099EB5E /* Sources */,
				E1358C222A666D4B0099EB5E /* Frameworks */,
				E1358C232A666D4B0099EB5E /* Resources */,
			);
			buildRules = (
			);
			dependencies = (
			);
			name = "Saigon Connect";
			productName = "Saigon Connect";
			productReference = E1358C252A666D4B0099EB5E /* Saigon Connect.app */;
			productType = "com.apple.product-type.application";
		};
/* End PBXNativeTarget section */

/* Begin PBXProject section */
		E1358C1D2A666D4B0099EB5E /* Project object */ = {
			isa = PBXProject;
			attributes = {
				BuildIndependentTargetsInParallel = 1;
				LastSwiftUpdateCheck = 1430;
				LastUpgradeCheck = 1430;
				TargetAttributes = {
					E1358C242A666D4B0099EB5E = {
						CreatedOnToolsVersion = 14.3.1;
					};
				};
			};
			buildConfigurationList = E1358C202A666D4B0099EB5E /* Build configuration list for PBXProject "Saigon Connect" */;
			compatibilityVersion = "Xcode 14.0";
			developmentRegion = en;
			hasScannedForEncodings = 0;
			knownRegions = (
				en,
				Base,
			);
			mainGroup = E1358C1C2A666D4B0099EB5E;
			productRefGroup = E1358C262A666D4B0099EB5E /* Products */;
			projectDirPath = "";
			projectRoot = "";
			targets = (
				E1358C242A666D4B0099EB5E /* Saigon Connect */,
			);
		};
/* End PBXProject section */

/* Begin PBXResourcesBuildPhase section */
		E1358C232A666D4B0099EB5E /* Resources */ = {
			isa = PBXResourcesBuildPhase;
			buildActionMask = 2147483647;
			files = (
				E1358C302A666D4D0099EB5E /* Preview Assets.xcassets in Resources */,
				E1358C2D2A666D4D0099EB5E /* Assets.xcassets in Resources */,
				ABF9500F2A6D448700E9EC2C /* database.json in Resources */,
			);
			runOnlyForDeploymentPostprocessing = 0;
		};
/* End PBXResourcesBuildPhase section */

/* Begin PBXSourcesBuildPhase section */
		E1358C212A666D4B0099EB5E /* Sources */ = {
			isa = PBXSourcesBuildPhase;
			buildActionMask = 2147483647;
			files = (
				E1358C292A666D4B0099EB5E /* Saigon_ConnectApp.swift in Sources */,
				ABF950082A6C33E900E9EC2C /* Author_View.swift in Sources */,
				E1358C372A666D750099EB5E /* Welcome_Screen.swift in Sources */,
				E1358C392A669C700099EB5E /* Splash_screen_view.swift in Sources */,
				ABA62C2C2A6FA1B300AC2760 /* Onboarding_Screen.swift in Sources */,
				ABA62C302A6FE80D00AC2760 /* Login_screen.swift in Sources */,
				ABA62C2E2A6FE4EC00AC2760 /* user.json in Sources */,
				AB5A543C2A6A3A1000169B2D /* Card_Views.swift in Sources */,
				AB50501F2A6AD8B30079C0B6 /* Slide_Menu.swift in Sources */,
				AB5A54432A6A6BFD00169B2D /* JSON_Manager.swift in Sources */,
				ABA62C242A6E415100AC2760 /* map_view.swift in Sources */,
				AB5A542D2A6902A000169B2D /* Content_View.swift in Sources */,
				ABF950112A6D4B0B00E9EC2C /* transition_animation.swift in Sources */,
				ABF950062A6BC58000E9EC2C /* small_Card_View.swift in Sources */,
				AB5A54312A699E9900169B2D /* Tab_View.swift in Sources */,
				ABA62C262A6E58C400AC2760 /* testScollview.swift in Sources */,
				AB5050212A6AF5620079C0B6 /* expandable_search.swift in Sources */,
				AB5A542F2A698CA800169B2D /* Detail_View.swift in Sources */,
			);
			runOnlyForDeploymentPostprocessing = 0;
		};
/* End PBXSourcesBuildPhase section */

/* Begin XCBuildConfiguration section */
		E1358C312A666D4D0099EB5E /* Debug */ = {
			isa = XCBuildConfiguration;
			buildSettings = {
				ALWAYS_SEARCH_USER_PATHS = NO;
				CLANG_ANALYZER_NONNULL = YES;
				CLANG_ANALYZER_NUMBER_OBJECT_CONVERSION = YES_AGGRESSIVE;
				CLANG_CXX_LANGUAGE_STANDARD = "gnu++20";
				CLANG_ENABLE_MODULES = YES;
				CLANG_ENABLE_OBJC_ARC = YES;
				CLANG_ENABLE_OBJC_WEAK = YES;
				CLANG_WARN_BLOCK_CAPTURE_AUTORELEASING = YES;
				CLANG_WARN_BOOL_CONVERSION = YES;
				CLANG_WARN_COMMA = YES;
				CLANG_WARN_CONSTANT_CONVERSION = YES;
				CLANG_WARN_DEPRECATED_OBJC_IMPLEMENTATIONS = YES;
				CLANG_WARN_DIRECT_OBJC_ISA_USAGE = YES_ERROR;
				CLANG_WARN_DOCUMENTATION_COMMENTS = YES;
				CLANG_WARN_EMPTY_BODY = YES;
				CLANG_WARN_ENUM_CONVERSION = YES;
				CLANG_WARN_INFINITE_RECURSION = YES;
				CLANG_WARN_INT_CONVERSION = YES;
				CLANG_WARN_NON_LITERAL_NULL_CONVERSION = YES;
				CLANG_WARN_OBJC_IMPLICIT_RETAIN_SELF = YES;
				CLANG_WARN_OBJC_LITERAL_CONVERSION = YES;
				CLANG_WARN_OBJC_ROOT_CLASS = YES_ERROR;
				CLANG_WARN_QUOTED_INCLUDE_IN_FRAMEWORK_HEADER = YES;
				CLANG_WARN_RANGE_LOOP_ANALYSIS = YES;
				CLANG_WARN_STRICT_PROTOTYPES = YES;
				CLANG_WARN_SUSPICIOUS_MOVE = YES;
				CLANG_WARN_UNGUARDED_AVAILABILITY = YES_AGGRESSIVE;
				CLANG_WARN_UNREACHABLE_CODE = YES;
				CLANG_WARN__DUPLICATE_METHOD_MATCH = YES;
				COPY_PHASE_STRIP = NO;
				DEBUG_INFORMATION_FORMAT = dwarf;
				ENABLE_STRICT_OBJC_MSGSEND = YES;
				ENABLE_TESTABILITY = YES;
				GCC_C_LANGUAGE_STANDARD = gnu11;
				GCC_DYNAMIC_NO_PIC = NO;
				GCC_NO_COMMON_BLOCKS = YES;
				GCC_OPTIMIZATION_LEVEL = 0;
				GCC_PREPROCESSOR_DEFINITIONS = (
					"DEBUG=1",
					"$(inherited)",
				);
				GCC_WARN_64_TO_32_BIT_CONVERSION = YES;
				GCC_WARN_ABOUT_RETURN_TYPE = YES_ERROR;
				GCC_WARN_UNDECLARED_SELECTOR = YES;
				GCC_WARN_UNINITIALIZED_AUTOS = YES_AGGRESSIVE;
				GCC_WARN_UNUSED_FUNCTION = YES;
				GCC_WARN_UNUSED_VARIABLE = YES;
				IPHONEOS_DEPLOYMENT_TARGET = 16.4;
				MTL_ENABLE_DEBUG_INFO = INCLUDE_SOURCE;
				MTL_FAST_MATH = YES;
				ONLY_ACTIVE_ARCH = YES;
				SDKROOT = iphoneos;
				SWIFT_ACTIVE_COMPILATION_CONDITIONS = DEBUG;
				SWIFT_OPTIMIZATION_LEVEL = "-Onone";
			};
			name = Debug;
		};
		E1358C322A666D4D0099EB5E /* Release */ = {
			isa = XCBuildConfiguration;
			buildSettings = {
				ALWAYS_SEARCH_USER_PATHS = NO;
				CLANG_ANALYZER_NONNULL = YES;
				CLANG_ANALYZER_NUMBER_OBJECT_CONVERSION = YES_AGGRESSIVE;
				CLANG_CXX_LANGUAGE_STANDARD = "gnu++20";
				CLANG_ENABLE_MODULES = YES;
				CLANG_ENABLE_OBJC_ARC = YES;
				CLANG_ENABLE_OBJC_WEAK = YES;
				CLANG_WARN_BLOCK_CAPTURE_AUTORELEASING = YES;
				CLANG_WARN_BOOL_CONVERSION = YES;
				CLANG_WARN_COMMA = YES;
				CLANG_WARN_CONSTANT_CONVERSION = YES;
				CLANG_WARN_DEPRECATED_OBJC_IMPLEMENTATIONS = YES;
				CLANG_WARN_DIRECT_OBJC_ISA_USAGE = YES_ERROR;
				CLANG_WARN_DOCUMENTATION_COMMENTS = YES;
				CLANG_WARN_EMPTY_BODY = YES;
				CLANG_WARN_ENUM_CONVERSION = YES;
				CLANG_WARN_INFINITE_RECURSION = YES;
				CLANG_WARN_INT_CONVERSION = YES;
				CLANG_WARN_NON_LITERAL_NULL_CONVERSION = YES;
				CLANG_WARN_OBJC_IMPLICIT_RETAIN_SELF = YES;
				CLANG_WARN_OBJC_LITERAL_CONVERSION = YES;
				CLANG_WARN_OBJC_ROOT_CLASS = YES_ERROR;
				CLANG_WARN_QUOTED_INCLUDE_IN_FRAMEWORK_HEADER = YES;
				CLANG_WARN_RANGE_LOOP_ANALYSIS = YES;
				CLANG_WARN_STRICT_PROTOTYPES = YES;
				CLANG_WARN_SUSPICIOUS_MOVE = YES;
				CLANG_WARN_UNGUARDED_AVAILABILITY = YES_AGGRESSIVE;
				CLANG_WARN_UNREACHABLE_CODE = YES;
				CLANG_WARN__DUPLICATE_METHOD_MATCH = YES;
				COPY_PHASE_STRIP = NO;
				DEBUG_INFORMATION_FORMAT = "dwarf-with-dsym";
				ENABLE_NS_ASSERTIONS = NO;
				ENABLE_STRICT_OBJC_MSGSEND = YES;
				GCC_C_LANGUAGE_STANDARD = gnu11;
				GCC_NO_COMMON_BLOCKS = YES;
				GCC_WARN_64_TO_32_BIT_CONVERSION = YES;
				GCC_WARN_ABOUT_RETURN_TYPE = YES_ERROR;
				GCC_WARN_UNDECLARED_SELECTOR = YES;
				GCC_WARN_UNINITIALIZED_AUTOS = YES_AGGRESSIVE;
				GCC_WARN_UNUSED_FUNCTION = YES;
				GCC_WARN_UNUSED_VARIABLE = YES;
				IPHONEOS_DEPLOYMENT_TARGET = 16.4;
				MTL_ENABLE_DEBUG_INFO = NO;
				MTL_FAST_MATH = YES;
				SDKROOT = iphoneos;
				SWIFT_COMPILATION_MODE = wholemodule;
				SWIFT_OPTIMIZATION_LEVEL = "-O";
				VALIDATE_PRODUCT = YES;
			};
			name = Release;
		};
		E1358C342A666D4D0099EB5E /* Debug */ = {
			isa = XCBuildConfiguration;
			buildSettings = {
				ASSETCATALOG_COMPILER_APPICON_NAME = AppIcon;
				ASSETCATALOG_COMPILER_GLOBAL_ACCENT_COLOR_NAME = AccentColor;
				CODE_SIGN_STYLE = Automatic;
				CURRENT_PROJECT_VERSION = 1;
				DEVELOPMENT_ASSET_PATHS = "\"Saigon Connect/Preview Content\"";
				ENABLE_PREVIEWS = YES;
				GENERATE_INFOPLIST_FILE = YES;
				INFOPLIST_KEY_UIApplicationSceneManifest_Generation = YES;
				INFOPLIST_KEY_UIApplicationSupportsIndirectInputEvents = YES;
				INFOPLIST_KEY_UILaunchScreen_Generation = YES;
				INFOPLIST_KEY_UISupportedInterfaceOrientations_iPad = "UIInterfaceOrientationPortrait UIInterfaceOrientationPortraitUpsideDown UIInterfaceOrientationLandscapeLeft UIInterfaceOrientationLandscapeRight";
				INFOPLIST_KEY_UISupportedInterfaceOrientations_iPhone = "UIInterfaceOrientationPortrait UIInterfaceOrientationLandscapeLeft UIInterfaceOrientationLandscapeRight";
				LD_RUNPATH_SEARCH_PATHS = (
					"$(inherited)",
					"@executable_path/Frameworks",
				);
				MARKETING_VERSION = 1.0;
				PRODUCT_BUNDLE_IDENTIFIER = "mudoker.app.Saigon-Connect";
				PRODUCT_NAME = "$(TARGET_NAME)";
				SWIFT_EMIT_LOC_STRINGS = YES;
				SWIFT_VERSION = 5.0;
				TARGETED_DEVICE_FAMILY = "1,2";
			};
			name = Debug;
		};
		E1358C352A666D4D0099EB5E /* Release */ = {
			isa = XCBuildConfiguration;
			buildSettings = {
				ASSETCATALOG_COMPILER_APPICON_NAME = AppIcon;
				ASSETCATALOG_COMPILER_GLOBAL_ACCENT_COLOR_NAME = AccentColor;
				CODE_SIGN_STYLE = Automatic;
				CURRENT_PROJECT_VERSION = 1;
				DEVELOPMENT_ASSET_PATHS = "\"Saigon Connect/Preview Content\"";
				ENABLE_PREVIEWS = YES;
				GENERATE_INFOPLIST_FILE = YES;
				INFOPLIST_KEY_UIApplicationSceneManifest_Generation = YES;
				INFOPLIST_KEY_UIApplicationSupportsIndirectInputEvents = YES;
				INFOPLIST_KEY_UILaunchScreen_Generation = YES;
				INFOPLIST_KEY_UISupportedInterfaceOrientations_iPad = "UIInterfaceOrientationPortrait UIInterfaceOrientationPortraitUpsideDown UIInterfaceOrientationLandscapeLeft UIInterfaceOrientationLandscapeRight";
				INFOPLIST_KEY_UISupportedInterfaceOrientations_iPhone = "UIInterfaceOrientationPortrait UIInterfaceOrientationLandscapeLeft UIInterfaceOrientationLandscapeRight";
				LD_RUNPATH_SEARCH_PATHS = (
					"$(inherited)",
					"@executable_path/Frameworks",
				);
				MARKETING_VERSION = 1.0;
				PRODUCT_BUNDLE_IDENTIFIER = "mudoker.app.Saigon-Connect";
				PRODUCT_NAME = "$(TARGET_NAME)";
				SWIFT_EMIT_LOC_STRINGS = YES;
				SWIFT_VERSION = 5.0;
				TARGETED_DEVICE_FAMILY = "1,2";
			};
			name = Release;
		};
/* End XCBuildConfiguration section */

/* Begin XCConfigurationList section */
		E1358C202A666D4B0099EB5E /* Build configuration list for PBXProject "Saigon Connect" */ = {
			isa = XCConfigurationList;
			buildConfigurations = (
				E1358C312A666D4D0099EB5E /* Debug */,
				E1358C322A666D4D0099EB5E /* Release */,
			);
			defaultConfigurationIsVisible = 0;
			defaultConfigurationName = Release;
		};
		E1358C332A666D4D0099EB5E /* Build configuration list for PBXNativeTarget "Saigon Connect" */ = {
			isa = XCConfigurationList;
			buildConfigurations = (
				E1358C342A666D4D0099EB5E /* Debug */,
				E1358C352A666D4D0099EB5E /* Release */,
			);
			defaultConfigurationIsVisible = 0;
			defaultConfigurationName = Release;
		};
/* End XCConfigurationList section */
	};
	rootObject = E1358C1D2A666D4B0099EB5E /* Project object */;
}
